
Microsoft Visual Studio Solution File, Format Version 12.00
Project("{FAE04EC0-301F-11D3-BF4B-00C04F79EFBC}") = "ConsoleAdventure", "ConsoleAdventure\ConsoleAdventure.csproj", "{1C0E4ADA-3EB1-42B3-B391-70920ADE7D2B}"
EndProject
Global
	GlobalSection(SolutionConfigurationPlatforms) = preSolution
		Debug|Any CPU = Debug|Any CPU
		Release|Any CPU = Release|Any CPU
	EndGlobalSection
	GlobalSection(ProjectConfigurationPlatforms) = postSolution
		{1C0E4ADA-3EB1-42B3-B391-70920ADE7D2B}.Debug|Any CPU.ActiveCfg = Debug|Any CPU
		{1C0E4ADA-3EB1-42B3-B391-70920ADE7D2B}.Debug|Any CPU.Build.0 = Debug|Any CPU
		{1C0E4ADA-3EB1-42B3-B391-70920ADE7D2B}.Release|Any CPU.ActiveCfg = Release|Any CPU
		{1C0E4ADA-3EB1-42B3-B391-70920ADE7D2B}.Release|Any CPU.Build.0 = Release|Any CPU
	EndGlobalSection
EndGlobal
